
Microsoft Visual Studio Solution File, Format Version 12.00
# Visual Studio 14
VisualStudioVersion = 14.0.24720.0
MinimumVisualStudioVersion = 10.0.40219.1
Project("{FAE04EC0-301F-11D3-BF4B-00C04F79EFBC}") = "RIS", "RIS\RIS.csproj", "{BA78099C-C509-4BF5-B80D-7CCFFEA9E493}"
EndProject
Global
	GlobalSection(SolutionConfigurationPlatforms) = preSolution
		Debug|Any CPU = Debug|Any CPU
		Release|Any CPU = Release|Any CPU
	EndGlobalSection
	GlobalSection(ProjectConfigurationPlatforms) = postSolution
		{BA78099C-C509-4BF5-B80D-7CCFFEA9E493}.Debug|Any CPU.ActiveCfg = Debug|Any CPU
		{BA78099C-C509-4BF5-B80D-7CCFFEA9E493}.Debug|Any CPU.Build.0 = Debug|Any CPU
		{BA78099C-C509-4BF5-B80D-7CCFFEA9E493}.Release|Any CPU.ActiveCfg = Release|Any CPU
		{BA78099C-C509-4BF5-B80D-7CCFFEA9E493}.Release|Any CPU.Build.0 = Release|Any CPU
	EndGlobalSection
	GlobalSection(SolutionProperties) = preSolution
		HideSolutionNode = FALSE
	EndGlobalSection
EndGlobal
